
Microsoft Visual Studio Solution File, Format Version 12.00
# Visual Studio Version 16
VisualStudioVersion = 16.0.34114.132
MinimumVisualStudioVersion = 10.0.40219.1
Project("{2150E333-8FDC-42A3-9474-1A3956D46DE8}") = "Task0", "Task0", "{9DA6ABB4-8FEA-455A-B8CD-AF4AFFE7650C}"
EndProject
Project("{FAE04EC0-301F-11D3-BF4B-00C04F79EFBC}") = "Tyuiu.LoginovMV.Sprint3.Task0.V28", "Tyuiu.LoginovMV.Sprint3.Task0.V28\Tyuiu.LoginovMV.Sprint3.Task0.V28.csproj", "{FA4301CD-20C4-4350-9741-5AD85DF6E522}"
EndProject
Project("{FAE04EC0-301F-11D3-BF4B-00C04F79EFBC}") = "Tyuiu.LoginovMV.Sprint3.Task0.V28.Lib", "Tyuiu.LoginovMV.Sprint3.Task0.V28.Lib\Tyuiu.LoginovMV.Sprint3.Task0.V28.Lib.csproj", "{63C57A16-46BA-4616-8852-AF8E4891AD72}"
EndProject
Project("{FAE04EC0-301F-11D3-BF4B-00C04F79EFBC}") = "Tyuiu.LoginovMV.Sprint3.Task0.V28.Test", "Tyuiu.LoginovMV.Sprint3.Task0.V28.Test\Tyuiu.LoginovMV.Sprint3.Task0.V28.Test.csproj", "{F170A6A8-09D6-4082-A9A7-B3DEF23B5BCB}"
EndProject
Project("{2150E333-8FDC-42A3-9474-1A3956D46DE8}") = "Task1", "Task1", "{84807541-B497-4498-A038-F41117AF832D}"
EndProject
Project("{FAE04EC0-301F-11D3-BF4B-00C04F79EFBC}") = "Tyuiu.LoginovMV.Sprint3.Task1.V28", "Tyuiu.LoginovMV.Sprint3.Task1.V28\Tyuiu.LoginovMV.Sprint3.Task1.V28.csproj", "{5721DA16-7D79-49E4-AE49-9FF09BFFBAD8}"
EndProject
Project("{FAE04EC0-301F-11D3-BF4B-00C04F79EFBC}") = "Tyuiu.LoginovMV.Sprint3.Task1.V28.Lib", "Tyuiu.LoginovMV.Sprint3.Task1.V28.Lib\Tyuiu.LoginovMV.Sprint3.Task1.V28.Lib.csproj", "{0E2E7E92-6DF1-4377-9946-27E1FE9E2692}"
EndProject
Project("{FAE04EC0-301F-11D3-BF4B-00C04F79EFBC}") = "Tyuiu.LoginovMV.Sprint3.Task1.V28.Test", "Tyuiu.LoginovMV.Sprint3.Task1.V28.Test\Tyuiu.LoginovMV.Sprint3.Task1.V28.Test.csproj", "{3C6B5D68-5F48-4BCA-857B-AE4BD077CE6D}"
EndProject
Project("{2150E333-8FDC-42A3-9474-1A3956D46DE8}") = "Task2", "Task2", "{701B1E75-BE30-44AE-AD9D-6DCE1E58B089}"
EndProject
Project("{FAE04EC0-301F-11D3-BF4B-00C04F79EFBC}") = "Tyuiu.LoginovMV.Sprint3.Task2.V19", "Tyuiu.LoginovMV.Sprint3.Task2.V19\Tyuiu.LoginovMV.Sprint3.Task2.V19.csproj", "{652A7A33-1242-41A8-B8B3-B4F6BF604198}"
EndProject
Project("{FAE04EC0-301F-11D3-BF4B-00C04F79EFBC}") = "Tyuiu.LoginovMV.Sprint3.Task2.V19.Lib", "Tyuiu.LoginovMV.Sprint3.Task2.V19.Lib\Tyuiu.LoginovMV.Sprint3.Task2.V19.Lib.csproj", "{CE7EE97E-DD68-450C-84F4-45C17868B83F}"
EndProject
Project("{FAE04EC0-301F-11D3-BF4B-00C04F79EFBC}") = "Tyuiu.LoginovMV.Sprint3.Task2.V19.Test", "Tyuiu.LoginovMV.Sprint3.Task2.V19.Test\Tyuiu.LoginovMV.Sprint3.Task2.V19.Test.csproj", "{9B4F450B-C8BB-4C76-8406-EB91A51C886D}"
EndProject
Project("{2150E333-8FDC-42A3-9474-1A3956D46DE8}") = "Task3", "Task3", "{BA4DAE50-D95E-40F3-8600-7F04D0C4EE68}"
EndProject
Project("{FAE04EC0-301F-11D3-BF4B-00C04F79EFBC}") = "Tyuiu.LoginovMV.Sprint3.Task3.V18", "Tyuiu.LoginovMV.Sprint3.Task3.V18\Tyuiu.LoginovMV.Sprint3.Task3.V18.csproj", "{A2A6AB52-625B-46C0-B378-B41C9E77B803}"
EndProject
Project("{FAE04EC0-301F-11D3-BF4B-00C04F79EFBC}") = "Tyuiu.LoginovMV.Sprint3.Task3.V18.Lib", "Tyuiu.LoginovMV.Sprint3.Task3.V18.Lib\Tyuiu.LoginovMV.Sprint3.Task3.V18.Lib.csproj", "{E2D0E34B-D22B-4DE4-97EC-25C22CFAEC34}"
EndProject
Project("{FAE04EC0-301F-11D3-BF4B-00C04F79EFBC}") = "Tyuiu.LoginovMV.Sprint3.Task3.V18.Test", "Tyuiu.LoginovMV.Sprint3.Task3.V18.Test\Tyuiu.LoginovMV.Sprint3.Task3.V18.Test.csproj", "{4F952089-382D-48B5-97AC-CE12468C2AC1}"
EndProject
Project("{2150E333-8FDC-42A3-9474-1A3956D46DE8}") = "Task4", "Task4", "{5AF3159B-9638-4E19-9ECD-4FEF3E9B9324}"
EndProject
Project("{FAE04EC0-301F-11D3-BF4B-00C04F79EFBC}") = "Tyuiu.LoginovMV.Sprint3.Task4.V3", "Tyuiu.LoginovMV.Sprint3.Task4.V3\Tyuiu.LoginovMV.Sprint3.Task4.V3.csproj", "{D9AE6FE4-A066-4FCB-8586-94D960C4EEF8}"
EndProject
Project("{FAE04EC0-301F-11D3-BF4B-00C04F79EFBC}") = "Tyuiu.LoginovMV.Sprint3.Task4.V3.Lib", "Tyuiu.LoginovMV.Sprint3.Task4.V3.Lib\Tyuiu.LoginovMV.Sprint3.Task4.V3.Lib.csproj", "{855B1024-BA81-4752-B830-E28A788BCFEE}"
EndProject
Project("{FAE04EC0-301F-11D3-BF4B-00C04F79EFBC}") = "Tyuiu.LoginovMV.Sprint3.Task4.V3.Test", "Tyuiu.LoginovMV.Sprint3.Task4.V3.Test\Tyuiu.LoginovMV.Sprint3.Task4.V3.Test.csproj", "{F46D1F03-15D0-4AF8-B1F7-1331E5915D89}"
EndProject
Project("{2150E333-8FDC-42A3-9474-1A3956D46DE8}") = "Task5", "Task5", "{89E584C2-4E37-41F9-8A85-1E26BF505FC5}"
EndProject
Project("{FAE04EC0-301F-11D3-BF4B-00C04F79EFBC}") = "Tyuiu.LoginovMV.Sprint3.Task5.V20", "Tyuiu.LoginovMV.Sprint3.Task5.V20\Tyuiu.LoginovMV.Sprint3.Task5.V20.csproj", "{1F469A05-3C88-4CB4-83CC-7617C9CC000E}"
EndProject
Project("{FAE04EC0-301F-11D3-BF4B-00C04F79EFBC}") = "Tyuiu.LoginovMV.Sprint3.Task5.V20.Lib", "Tyuiu.LoginovMV.Sprint3.Task5.V20.Lib\Tyuiu.LoginovMV.Sprint3.Task5.V20.Lib.csproj", "{ACB99CD5-B457-49E9-B9A9-D647AA1F206A}"
EndProject
Project("{FAE04EC0-301F-11D3-BF4B-00C04F79EFBC}") = "Tyuiu.LoginovMV.Sprint3.Task5.V20.Test", "Tyuiu.LoginovMV.Sprint3.Task5.V20.Test\Tyuiu.LoginovMV.Sprint3.Task5.V20.Test.csproj", "{DB1FE6AC-895C-4C6E-9A8F-EF8BF4B64C8C}"
EndProject
Project("{2150E333-8FDC-42A3-9474-1A3956D46DE8}") = "Task6", "Task6", "{21ACBC79-244A-4BE0-82B1-442168775371}"
EndProject
Project("{FAE04EC0-301F-11D3-BF4B-00C04F79EFBC}") = "Tyuiu.LoginovMV.Sprint3.Task6.V3", "Tyuiu.LoginovMV.Sprint3.Task6.V3\Tyuiu.LoginovMV.Sprint3.Task6.V3.csproj", "{60472798-9DDA-4383-9A5A-5A599A7A1691}"
EndProject
Project("{FAE04EC0-301F-11D3-BF4B-00C04F79EFBC}") = "Tyuiu.LoginovMV.Sprint3.Task6.V3.Lib", "Tyuiu.LoginovMV.Sprint3.Task6.V3.Lib\Tyuiu.LoginovMV.Sprint3.Task6.V3.Lib.csproj", "{BE727782-2257-44E4-8CA0-10F4FB1F1791}"
EndProject
Project("{FAE04EC0-301F-11D3-BF4B-00C04F79EFBC}") = "Tyuiu.LoginovMV.Sprint3.Task6.V3.Test", "Tyuiu.LoginovMV.Sprint3.Task6.V3.Test\Tyuiu.LoginovMV.Sprint3.Task6.V3.Test.csproj", "{5964C618-6625-4A9B-8A92-E386A8C069D7}"
EndProject
Project("{2150E333-8FDC-42A3-9474-1A3956D46DE8}") = "Task7", "Task7", "{79DBFFEF-2B62-4C0E-8986-B7D258EBC60E}"
EndProject
Project("{FAE04EC0-301F-11D3-BF4B-00C04F79EFBC}") = "Tyuiu.LoginovMV.Sprint3.Task7.V19", "Tyuiu.LoginovMV.Sprint3.Task7.V19\Tyuiu.LoginovMV.Sprint3.Task7.V19.csproj", "{ECEA5EAD-EDA4-4413-B060-2E715D1C7D95}"
EndProject
Project("{FAE04EC0-301F-11D3-BF4B-00C04F79EFBC}") = "Tyuiu.LoginovMV.Sprint3.Task7.V19.Lib", "Tyuiu.LoginovMV.Sprint3.Task7.V19.Lib\Tyuiu.LoginovMV.Sprint3.Task7.V19.Lib.csproj", "{BAFD4CD8-3F28-428C-B7B2-5CE21B0CE2CE}"
EndProject
Project("{FAE04EC0-301F-11D3-BF4B-00C04F79EFBC}") = "Tyuiu.LoginovMV.Sprint3.Task7.V19.Test", "Tyuiu.LoginovMV.Sprint3.Task7.V19.Test\Tyuiu.LoginovMV.Sprint3.Task7.V19.Test.csproj", "{B4DE2150-31D9-44E5-BD94-59F5443D9D50}"
EndProject
Global
	GlobalSection(SolutionConfigurationPlatforms) = preSolution
		Debug|Any CPU = Debug|Any CPU
		Release|Any CPU = Release|Any CPU
	EndGlobalSection
	GlobalSection(ProjectConfigurationPlatforms) = postSolution
		{FA4301CD-20C4-4350-9741-5AD85DF6E522}.Debug|Any CPU.ActiveCfg = Debug|Any CPU
		{FA4301CD-20C4-4350-9741-5AD85DF6E522}.Debug|Any CPU.Build.0 = Debug|Any CPU
		{FA4301CD-20C4-4350-9741-5AD85DF6E522}.Release|Any CPU.ActiveCfg = Release|Any CPU
		{FA4301CD-20C4-4350-9741-5AD85DF6E522}.Release|Any CPU.Build.0 = Release|Any CPU
		{63C57A16-46BA-4616-8852-AF8E4891AD72}.Debug|Any CPU.ActiveCfg = Debug|Any CPU
		{63C57A16-46BA-4616-8852-AF8E4891AD72}.Debug|Any CPU.Build.0 = Debug|Any CPU
		{63C57A16-46BA-4616-8852-AF8E4891AD72}.Release|Any CPU.ActiveCfg = Release|Any CPU
		{63C57A16-46BA-4616-8852-AF8E4891AD72}.Release|Any CPU.Build.0 = Release|Any CPU
		{F170A6A8-09D6-4082-A9A7-B3DEF23B5BCB}.Debug|Any CPU.ActiveCfg = Debug|Any CPU
		{F170A6A8-09D6-4082-A9A7-B3DEF23B5BCB}.Debug|Any CPU.Build.0 = Debug|Any CPU
		{F170A6A8-09D6-4082-A9A7-B3DEF23B5BCB}.Release|Any CPU.ActiveCfg = Release|Any CPU
		{F170A6A8-09D6-4082-A9A7-B3DEF23B5BCB}.Release|Any CPU.Build.0 = Release|Any CPU
		{5721DA16-7D79-49E4-AE49-9FF09BFFBAD8}.Debug|Any CPU.ActiveCfg = Debug|Any CPU
		{5721DA16-7D79-49E4-AE49-9FF09BFFBAD8}.Debug|Any CPU.Build.0 = Debug|Any CPU
		{5721DA16-7D79-49E4-AE49-9FF09BFFBAD8}.Release|Any CPU.ActiveCfg = Release|Any CPU
		{5721DA16-7D79-49E4-AE49-9FF09BFFBAD8}.Release|Any CPU.Build.0 = Release|Any CPU
		{0E2E7E92-6DF1-4377-9946-27E1FE9E2692}.Debug|Any CPU.ActiveCfg = Debug|Any CPU
		{0E2E7E92-6DF1-4377-9946-27E1FE9E2692}.Debug|Any CPU.Build.0 = Debug|Any CPU
		{0E2E7E92-6DF1-4377-9946-27E1FE9E2692}.Release|Any CPU.ActiveCfg = Release|Any CPU
		{0E2E7E92-6DF1-4377-9946-27E1FE9E2692}.Release|Any CPU.Build.0 = Release|Any CPU
		{3C6B5D68-5F48-4BCA-857B-AE4BD077CE6D}.Debug|Any CPU.ActiveCfg = Debug|Any CPU
		{3C6B5D68-5F48-4BCA-857B-AE4BD077CE6D}.Debug|Any CPU.Build.0 = Debug|Any CPU
		{3C6B5D68-5F48-4BCA-857B-AE4BD077CE6D}.Release|Any CPU.ActiveCfg = Release|Any CPU
		{3C6B5D68-5F48-4BCA-857B-AE4BD077CE6D}.Release|Any CPU.Build.0 = Release|Any CPU
		{652A7A33-1242-41A8-B8B3-B4F6BF604198}.Debug|Any CPU.ActiveCfg = Debug|Any CPU
		{652A7A33-1242-41A8-B8B3-B4F6BF604198}.Debug|Any CPU.Build.0 = Debug|Any CPU
		{652A7A33-1242-41A8-B8B3-B4F6BF604198}.Release|Any CPU.ActiveCfg = Release|Any CPU
		{652A7A33-1242-41A8-B8B3-B4F6BF604198}.Release|Any CPU.Build.0 = Release|Any CPU
		{CE7EE97E-DD68-450C-84F4-45C17868B83F}.Debug|Any CPU.ActiveCfg = Debug|Any CPU
		{CE7EE97E-DD68-450C-84F4-45C17868B83F}.Debug|Any CPU.Build.0 = Debug|Any CPU
		{CE7EE97E-DD68-450C-84F4-45C17868B83F}.Release|Any CPU.ActiveCfg = Release|Any CPU
		{CE7EE97E-DD68-450C-84F4-45C17868B83F}.Release|Any CPU.Build.0 = Release|Any CPU
		{9B4F450B-C8BB-4C76-8406-EB91A51C886D}.Debug|Any CPU.ActiveCfg = Debug|Any CPU
		{9B4F450B-C8BB-4C76-8406-EB91A51C886D}.Debug|Any CPU.Build.0 = Debug|Any CPU
		{9B4F450B-C8BB-4C76-8406-EB91A51C886D}.Release|Any CPU.ActiveCfg = Release|Any CPU
		{9B4F450B-C8BB-4C76-8406-EB91A51C886D}.Release|Any CPU.Build.0 = Release|Any CPU
		{A2A6AB52-625B-46C0-B378-B41C9E77B803}.Debug|Any CPU.ActiveCfg = Debug|Any CPU
		{A2A6AB52-625B-46C0-B378-B41C9E77B803}.Debug|Any CPU.Build.0 = Debug|Any CPU
		{A2A6AB52-625B-46C0-B378-B41C9E77B803}.Release|Any CPU.ActiveCfg = Release|Any CPU
		{A2A6AB52-625B-46C0-B378-B41C9E77B803}.Release|Any CPU.Build.0 = Release|Any CPU
		{E2D0E34B-D22B-4DE4-97EC-25C22CFAEC34}.Debug|Any CPU.ActiveCfg = Debug|Any CPU
		{E2D0E34B-D22B-4DE4-97EC-25C22CFAEC34}.Debug|Any CPU.Build.0 = Debug|Any CPU
		{E2D0E34B-D22B-4DE4-97EC-25C22CFAEC34}.Release|Any CPU.ActiveCfg = Release|Any CPU
		{E2D0E34B-D22B-4DE4-97EC-25C22CFAEC34}.Release|Any CPU.Build.0 = Release|Any CPU
		{4F952089-382D-48B5-97AC-CE12468C2AC1}.Debug|Any CPU.ActiveCfg = Debug|Any CPU
		{4F952089-382D-48B5-97AC-CE12468C2AC1}.Debug|Any CPU.Build.0 = Debug|Any CPU
		{4F952089-382D-48B5-97AC-CE12468C2AC1}.Release|Any CPU.ActiveCfg = Release|Any CPU
		{4F952089-382D-48B5-97AC-CE12468C2AC1}.Release|Any CPU.Build.0 = Release|Any CPU
		{D9AE6FE4-A066-4FCB-8586-94D960C4EEF8}.Debug|Any CPU.ActiveCfg = Debug|Any CPU
		{D9AE6FE4-A066-4FCB-8586-94D960C4EEF8}.Debug|Any CPU.Build.0 = Debug|Any CPU
		{D9AE6FE4-A066-4FCB-8586-94D960C4EEF8}.Release|Any CPU.ActiveCfg = Release|Any CPU
		{D9AE6FE4-A066-4FCB-8586-94D960C4EEF8}.Release|Any CPU.Build.0 = Release|Any CPU
		{855B1024-BA81-4752-B830-E28A788BCFEE}.Debug|Any CPU.ActiveCfg = Debug|Any CPU
		{855B1024-BA81-4752-B830-E28A788BCFEE}.Debug|Any CPU.Build.0 = Debug|Any CPU
		{855B1024-BA81-4752-B830-E28A788BCFEE}.Release|Any CPU.ActiveCfg = Release|Any CPU
		{855B1024-BA81-4752-B830-E28A788BCFEE}.Release|Any CPU.Build.0 = Release|Any CPU
		{F46D1F03-15D0-4AF8-B1F7-1331E5915D89}.Debug|Any CPU.ActiveCfg = Debug|Any CPU
		{F46D1F03-15D0-4AF8-B1F7-1331E5915D89}.Debug|Any CPU.Build.0 = Debug|Any CPU
		{F46D1F03-15D0-4AF8-B1F7-1331E5915D89}.Release|Any CPU.ActiveCfg = Release|Any CPU
		{F46D1F03-15D0-4AF8-B1F7-1331E5915D89}.Release|Any CPU.Build.0 = Release|Any CPU
		{1F469A05-3C88-4CB4-83CC-7617C9CC000E}.Debug|Any CPU.ActiveCfg = Debug|Any CPU
		{1F469A05-3C88-4CB4-83CC-7617C9CC000E}.Debug|Any CPU.Build.0 = Debug|Any CPU
		{1F469A05-3C88-4CB4-83CC-7617C9CC000E}.Release|Any CPU.ActiveCfg = Release|Any CPU
		{1F469A05-3C88-4CB4-83CC-7617C9CC000E}.Release|Any CPU.Build.0 = Release|Any CPU
		{ACB99CD5-B457-49E9-B9A9-D647AA1F206A}.Debug|Any CPU.ActiveCfg = Debug|Any CPU
		{ACB99CD5-B457-49E9-B9A9-D647AA1F206A}.Debug|Any CPU.Build.0 = Debug|Any CPU
		{ACB99CD5-B457-49E9-B9A9-D647AA1F206A}.Release|Any CPU.ActiveCfg = Release|Any CPU
		{ACB99CD5-B457-49E9-B9A9-D647AA1F206A}.Release|Any CPU.Build.0 = Release|Any CPU
		{DB1FE6AC-895C-4C6E-9A8F-EF8BF4B64C8C}.Debug|Any CPU.ActiveCfg = Debug|Any CPU
		{DB1FE6AC-895C-4C6E-9A8F-EF8BF4B64C8C}.Debug|Any CPU.Build.0 = Debug|Any CPU
		{DB1FE6AC-895C-4C6E-9A8F-EF8BF4B64C8C}.Release|Any CPU.ActiveCfg = Release|Any CPU
		{DB1FE6AC-895C-4C6E-9A8F-EF8BF4B64C8C}.Release|Any CPU.Build.0 = Release|Any CPU
		{60472798-9DDA-4383-9A5A-5A599A7A1691}.Debug|Any CPU.ActiveCfg = Debug|Any CPU
		{60472798-9DDA-4383-9A5A-5A599A7A1691}.Debug|Any CPU.Build.0 = Debug|Any CPU
		{60472798-9DDA-4383-9A5A-5A599A7A1691}.Release|Any CPU.ActiveCfg = Release|Any CPU
		{60472798-9DDA-4383-9A5A-5A599A7A1691}.Release|Any CPU.Build.0 = Release|Any CPU
		{BE727782-2257-44E4-8CA0-10F4FB1F1791}.Debug|Any CPU.ActiveCfg = Debug|Any CPU
		{BE727782-2257-44E4-8CA0-10F4FB1F1791}.Debug|Any CPU.Build.0 = Debug|Any CPU
		{BE727782-2257-44E4-8CA0-10F4FB1F1791}.Release|Any CPU.ActiveCfg = Release|Any CPU
		{BE727782-2257-44E4-8CA0-10F4FB1F1791}.Release|Any CPU.Build.0 = Release|Any CPU
		{5964C618-6625-4A9B-8A92-E386A8C069D7}.Debug|Any CPU.ActiveCfg = Debug|Any CPU
		{5964C618-6625-4A9B-8A92-E386A8C069D7}.Debug|Any CPU.Build.0 = Debug|Any CPU
		{5964C618-6625-4A9B-8A92-E386A8C069D7}.Release|Any CPU.ActiveCfg = Release|Any CPU
		{5964C618-6625-4A9B-8A92-E386A8C069D7}.Release|Any CPU.Build.0 = Release|Any CPU
		{ECEA5EAD-EDA4-4413-B060-2E715D1C7D95}.Debug|Any CPU.ActiveCfg = Debug|Any CPU
		{ECEA5EAD-EDA4-4413-B060-2E715D1C7D95}.Debug|Any CPU.Build.0 = Debug|Any CPU
		{ECEA5EAD-EDA4-4413-B060-2E715D1C7D95}.Release|Any CPU.ActiveCfg = Release|Any CPU
		{ECEA5EAD-EDA4-4413-B060-2E715D1C7D95}.Release|Any CPU.Build.0 = Release|Any CPU
		{BAFD4CD8-3F28-428C-B7B2-5CE21B0CE2CE}.Debug|Any CPU.ActiveCfg = Debug|Any CPU
		{BAFD4CD8-3F28-428C-B7B2-5CE21B0CE2CE}.Debug|Any CPU.Build.0 = Debug|Any CPU
		{BAFD4CD8-3F28-428C-B7B2-5CE21B0CE2CE}.Release|Any CPU.ActiveCfg = Release|Any CPU
		{BAFD4CD8-3F28-428C-B7B2-5CE21B0CE2CE}.Release|Any CPU.Build.0 = Release|Any CPU
		{B4DE2150-31D9-44E5-BD94-59F5443D9D50}.Debug|Any CPU.ActiveCfg = Debug|Any CPU
		{B4DE2150-31D9-44E5-BD94-59F5443D9D50}.Debug|Any CPU.Build.0 = Debug|Any CPU
		{B4DE2150-31D9-44E5-BD94-59F5443D9D50}.Release|Any CPU.ActiveCfg = Release|Any CPU
		{B4DE2150-31D9-44E5-BD94-59F5443D9D50}.Release|Any CPU.Build.0 = Release|Any CPU
	EndGlobalSection
	GlobalSection(SolutionProperties) = preSolution
		HideSolutionNode = FALSE
	EndGlobalSection
	GlobalSection(NestedProjects) = preSolution
		{FA4301CD-20C4-4350-9741-5AD85DF6E522} = {9DA6ABB4-8FEA-455A-B8CD-AF4AFFE7650C}
		{63C57A16-46BA-4616-8852-AF8E4891AD72} = {9DA6ABB4-8FEA-455A-B8CD-AF4AFFE7650C}
		{F170A6A8-09D6-4082-A9A7-B3DEF23B5BCB} = {9DA6ABB4-8FEA-455A-B8CD-AF4AFFE7650C}
		{5721DA16-7D79-49E4-AE49-9FF09BFFBAD8} = {84807541-B497-4498-A038-F41117AF832D}
		{0E2E7E92-6DF1-4377-9946-27E1FE9E2692} = {84807541-B497-4498-A038-F41117AF832D}
		{3C6B5D68-5F48-4BCA-857B-AE4BD077CE6D} = {84807541-B497-4498-A038-F41117AF832D}
		{652A7A33-1242-41A8-B8B3-B4F6BF604198} = {701B1E75-BE30-44AE-AD9D-6DCE1E58B089}
		{CE7EE97E-DD68-450C-84F4-45C17868B83F} = {701B1E75-BE30-44AE-AD9D-6DCE1E58B089}
		{9B4F450B-C8BB-4C76-8406-EB91A51C886D} = {701B1E75-BE30-44AE-AD9D-6DCE1E58B089}
		{A2A6AB52-625B-46C0-B378-B41C9E77B803} = {BA4DAE50-D95E-40F3-8600-7F04D0C4EE68}
		{E2D0E34B-D22B-4DE4-97EC-25C22CFAEC34} = {BA4DAE50-D95E-40F3-8600-7F04D0C4EE68}
		{4F952089-382D-48B5-97AC-CE12468C2AC1} = {BA4DAE50-D95E-40F3-8600-7F04D0C4EE68}
		{D9AE6FE4-A066-4FCB-8586-94D960C4EEF8} = {5AF3159B-9638-4E19-9ECD-4FEF3E9B9324}
		{855B1024-BA81-4752-B830-E28A788BCFEE} = {5AF3159B-9638-4E19-9ECD-4FEF3E9B9324}
		{F46D1F03-15D0-4AF8-B1F7-1331E5915D89} = {5AF3159B-9638-4E19-9ECD-4FEF3E9B9324}
		{1F469A05-3C88-4CB4-83CC-7617C9CC000E} = {89E584C2-4E37-41F9-8A85-1E26BF505FC5}
		{ACB99CD5-B457-49E9-B9A9-D647AA1F206A} = {89E584C2-4E37-41F9-8A85-1E26BF505FC5}
		{DB1FE6AC-895C-4C6E-9A8F-EF8BF4B64C8C} = {89E584C2-4E37-41F9-8A85-1E26BF505FC5}
		{60472798-9DDA-4383-9A5A-5A599A7A1691} = {21ACBC79-244A-4BE0-82B1-442168775371}
		{BE727782-2257-44E4-8CA0-10F4FB1F1791} = {21ACBC79-244A-4BE0-82B1-442168775371}
		{5964C618-6625-4A9B-8A92-E386A8C069D7} = {21ACBC79-244A-4BE0-82B1-442168775371}
		{ECEA5EAD-EDA4-4413-B060-2E715D1C7D95} = {79DBFFEF-2B62-4C0E-8986-B7D258EBC60E}
		{BAFD4CD8-3F28-428C-B7B2-5CE21B0CE2CE} = {79DBFFEF-2B62-4C0E-8986-B7D258EBC60E}
		{B4DE2150-31D9-44E5-BD94-59F5443D9D50} = {79DBFFEF-2B62-4C0E-8986-B7D258EBC60E}
	EndGlobalSection
	GlobalSection(ExtensibilityGlobals) = postSolution
		SolutionGuid = {591CAAFE-D210-4C55-813E-279F91434E72}
	EndGlobalSection
EndGlobal
