
Microsoft Visual Studio Solution File, Format Version 12.00
# Visual Studio Version 16
VisualStudioVersion = 16.0.34114.132
MinimumVisualStudioVersion = 10.0.40219.1
Project("{2150E333-8FDC-42A3-9474-1A3956D46DE8}") = "Task0", "Task0", "{9DA6ABB4-8FEA-455A-B8CD-AF4AFFE7650C}"
EndProject
Project("{FAE04EC0-301F-11D3-BF4B-00C04F79EFBC}") = "Tyuiu.LoginovMV.Sprint3.Task0.V28", "Tyuiu.LoginovMV.Sprint3.Task0.V28\Tyuiu.LoginovMV.Sprint3.Task0.V28.csproj", "{FA4301CD-20C4-4350-9741-5AD85DF6E522}"
EndProject
Project("{FAE04EC0-301F-11D3-BF4B-00C04F79EFBC}") = "Tyuiu.LoginovMV.Sprint3.Task0.V28.Lib", "Tyuiu.LoginovMV.Sprint3.Task0.V28.Lib\Tyuiu.LoginovMV.Sprint3.Task0.V28.Lib.csproj", "{63C57A16-46BA-4616-8852-AF8E4891AD72}"
EndProject
Project("{FAE04EC0-301F-11D3-BF4B-00C04F79EFBC}") = "Tyuiu.LoginovMV.Sprint3.Task0.V28.Test", "Tyuiu.LoginovMV.Sprint3.Task0.V28.Test\Tyuiu.LoginovMV.Sprint3.Task0.V28.Test.csproj", "{F170A6A8-09D6-4082-A9A7-B3DEF23B5BCB}"
EndProject
Project("{2150E333-8FDC-42A3-9474-1A3956D46DE8}") = "Task1", "Task1", "{84807541-B497-4498-A038-F41117AF832D}"
EndProject
Project("{FAE04EC0-301F-11D3-BF4B-00C04F79EFBC}") = "Tyuiu.LoginovMV.Sprint3.Task1.V28", "Tyuiu.LoginovMV.Sprint3.Task1.V28\Tyuiu.LoginovMV.Sprint3.Task1.V28.csproj", "{5721DA16-7D79-49E4-AE49-9FF09BFFBAD8}"
EndProject
Project("{FAE04EC0-301F-11D3-BF4B-00C04F79EFBC}") = "Tyuiu.LoginovMV.Sprint3.Task1.V28.Lib", "Tyuiu.LoginovMV.Sprint3.Task1.V28.Lib\Tyuiu.LoginovMV.Sprint3.Task1.V28.Lib.csproj", "{0E2E7E92-6DF1-4377-9946-27E1FE9E2692}"
EndProject
Project("{FAE04EC0-301F-11D3-BF4B-00C04F79EFBC}") = "Tyuiu.LoginovMV.Sprint3.Task1.V28.Test", "Tyuiu.LoginovMV.Sprint3.Task1.V28.Test\Tyuiu.LoginovMV.Sprint3.Task1.V28.Test.csproj", "{3C6B5D68-5F48-4BCA-857B-AE4BD077CE6D}"
EndProject
Project("{2150E333-8FDC-42A3-9474-1A3956D46DE8}") = "Task2", "Task2", "{701B1E75-BE30-44AE-AD9D-6DCE1E58B089}"
EndProject
Project("{FAE04EC0-301F-11D3-BF4B-00C04F79EFBC}") = "Tyuiu.LoginovMV.Sprint3.Task2.V19", "Tyuiu.LoginovMV.Sprint3.Task2.V19\Tyuiu.LoginovMV.Sprint3.Task2.V19.csproj", "{652A7A33-1242-41A8-B8B3-B4F6BF604198}"
EndProject
Project("{FAE04EC0-301F-11D3-BF4B-00C04F79EFBC}") = "Tyuiu.LoginovMV.Sprint3.Task2.V19.Lib", "Tyuiu.LoginovMV.Sprint3.Task2.V19.Lib\Tyuiu.LoginovMV.Sprint3.Task2.V19.Lib.csproj", "{CE7EE97E-DD68-450C-84F4-45C17868B83F}"
EndProject
Project("{FAE04EC0-301F-11D3-BF4B-00C04F79EFBC}") = "Tyuiu.LoginovMV.Sprint3.Task2.V19.Test", "Tyuiu.LoginovMV.Sprint3.Task2.V19.Test\Tyuiu.LoginovMV.Sprint3.Task2.V19.Test.csproj", "{9B4F450B-C8BB-4C76-8406-EB91A51C886D}"
EndProject
Global
	GlobalSection(SolutionConfigurationPlatforms) = preSolution
		Debug|Any CPU = Debug|Any CPU
		Release|Any CPU = Release|Any CPU
	EndGlobalSection
	GlobalSection(ProjectConfigurationPlatforms) = postSolution
		{FA4301CD-20C4-4350-9741-5AD85DF6E522}.Debug|Any CPU.ActiveCfg = Debug|Any CPU
		{FA4301CD-20C4-4350-9741-5AD85DF6E522}.Debug|Any CPU.Build.0 = Debug|Any CPU
		{FA4301CD-20C4-4350-9741-5AD85DF6E522}.Release|Any CPU.ActiveCfg = Release|Any CPU
		{FA4301CD-20C4-4350-9741-5AD85DF6E522}.Release|Any CPU.Build.0 = Release|Any CPU
		{63C57A16-46BA-4616-8852-AF8E4891AD72}.Debug|Any CPU.ActiveCfg = Debug|Any CPU
		{63C57A16-46BA-4616-8852-AF8E4891AD72}.Debug|Any CPU.Build.0 = Debug|Any CPU
		{63C57A16-46BA-4616-8852-AF8E4891AD72}.Release|Any CPU.ActiveCfg = Release|Any CPU
		{63C57A16-46BA-4616-8852-AF8E4891AD72}.Release|Any CPU.Build.0 = Release|Any CPU
		{F170A6A8-09D6-4082-A9A7-B3DEF23B5BCB}.Debug|Any CPU.ActiveCfg = Debug|Any CPU
		{F170A6A8-09D6-4082-A9A7-B3DEF23B5BCB}.Debug|Any CPU.Build.0 = Debug|Any CPU
		{F170A6A8-09D6-4082-A9A7-B3DEF23B5BCB}.Release|Any CPU.ActiveCfg = Release|Any CPU
		{F170A6A8-09D6-4082-A9A7-B3DEF23B5BCB}.Release|Any CPU.Build.0 = Release|Any CPU
		{5721DA16-7D79-49E4-AE49-9FF09BFFBAD8}.Debug|Any CPU.ActiveCfg = Debug|Any CPU
		{5721DA16-7D79-49E4-AE49-9FF09BFFBAD8}.Debug|Any CPU.Build.0 = Debug|Any CPU
		{5721DA16-7D79-49E4-AE49-9FF09BFFBAD8}.Release|Any CPU.ActiveCfg = Release|Any CPU
		{5721DA16-7D79-49E4-AE49-9FF09BFFBAD8}.Release|Any CPU.Build.0 = Release|Any CPU
		{0E2E7E92-6DF1-4377-9946-27E1FE9E2692}.Debug|Any CPU.ActiveCfg = Debug|Any CPU
		{0E2E7E92-6DF1-4377-9946-27E1FE9E2692}.Debug|Any CPU.Build.0 = Debug|Any CPU
		{0E2E7E92-6DF1-4377-9946-27E1FE9E2692}.Release|Any CPU.ActiveCfg = Release|Any CPU
		{0E2E7E92-6DF1-4377-9946-27E1FE9E2692}.Release|Any CPU.Build.0 = Release|Any CPU
		{3C6B5D68-5F48-4BCA-857B-AE4BD077CE6D}.Debug|Any CPU.ActiveCfg = Debug|Any CPU
		{3C6B5D68-5F48-4BCA-857B-AE4BD077CE6D}.Debug|Any CPU.Build.0 = Debug|Any CPU
		{3C6B5D68-5F48-4BCA-857B-AE4BD077CE6D}.Release|Any CPU.ActiveCfg = Release|Any CPU
		{3C6B5D68-5F48-4BCA-857B-AE4BD077CE6D}.Release|Any CPU.Build.0 = Release|Any CPU
		{652A7A33-1242-41A8-B8B3-B4F6BF604198}.Debug|Any CPU.ActiveCfg = Debug|Any CPU
		{652A7A33-1242-41A8-B8B3-B4F6BF604198}.Debug|Any CPU.Build.0 = Debug|Any CPU
		{652A7A33-1242-41A8-B8B3-B4F6BF604198}.Release|Any CPU.ActiveCfg = Release|Any CPU
		{652A7A33-1242-41A8-B8B3-B4F6BF604198}.Release|Any CPU.Build.0 = Release|Any CPU
		{CE7EE97E-DD68-450C-84F4-45C17868B83F}.Debug|Any CPU.ActiveCfg = Debug|Any CPU
		{CE7EE97E-DD68-450C-84F4-45C17868B83F}.Debug|Any CPU.Build.0 = Debug|Any CPU
		{CE7EE97E-DD68-450C-84F4-45C17868B83F}.Release|Any CPU.ActiveCfg = Release|Any CPU
		{CE7EE97E-DD68-450C-84F4-45C17868B83F}.Release|Any CPU.Build.0 = Release|Any CPU
		{9B4F450B-C8BB-4C76-8406-EB91A51C886D}.Debug|Any CPU.ActiveCfg = Debug|Any CPU
		{9B4F450B-C8BB-4C76-8406-EB91A51C886D}.Debug|Any CPU.Build.0 = Debug|Any CPU
		{9B4F450B-C8BB-4C76-8406-EB91A51C886D}.Release|Any CPU.ActiveCfg = Release|Any CPU
		{9B4F450B-C8BB-4C76-8406-EB91A51C886D}.Release|Any CPU.Build.0 = Release|Any CPU
	EndGlobalSection
	GlobalSection(SolutionProperties) = preSolution
		HideSolutionNode = FALSE
	EndGlobalSection
	GlobalSection(NestedProjects) = preSolution
		{FA4301CD-20C4-4350-9741-5AD85DF6E522} = {9DA6ABB4-8FEA-455A-B8CD-AF4AFFE7650C}
		{63C57A16-46BA-4616-8852-AF8E4891AD72} = {9DA6ABB4-8FEA-455A-B8CD-AF4AFFE7650C}
		{F170A6A8-09D6-4082-A9A7-B3DEF23B5BCB} = {9DA6ABB4-8FEA-455A-B8CD-AF4AFFE7650C}
		{5721DA16-7D79-49E4-AE49-9FF09BFFBAD8} = {84807541-B497-4498-A038-F41117AF832D}
		{0E2E7E92-6DF1-4377-9946-27E1FE9E2692} = {84807541-B497-4498-A038-F41117AF832D}
		{3C6B5D68-5F48-4BCA-857B-AE4BD077CE6D} = {84807541-B497-4498-A038-F41117AF832D}
		{652A7A33-1242-41A8-B8B3-B4F6BF604198} = {701B1E75-BE30-44AE-AD9D-6DCE1E58B089}
		{CE7EE97E-DD68-450C-84F4-45C17868B83F} = {701B1E75-BE30-44AE-AD9D-6DCE1E58B089}
		{9B4F450B-C8BB-4C76-8406-EB91A51C886D} = {701B1E75-BE30-44AE-AD9D-6DCE1E58B089}
	EndGlobalSection
	GlobalSection(ExtensibilityGlobals) = postSolution
		SolutionGuid = {591CAAFE-D210-4C55-813E-279F91434E72}
	EndGlobalSection
EndGlobal
